
Microsoft Visual Studio Solution File, Format Version 12.00
# Visual Studio Version 17
VisualStudioVersion = 17.3.32929.385
MinimumVisualStudioVersion = 10.0.40219.1
Project("{FAE04EC0-301F-11D3-BF4B-00C04F79EFBC}") = "ForIdentity", "ForIdentity\ForIdentity.csproj", "{DE62A12D-7D8A-4754-8B03-F58A304ACD93}"
EndProject
Global
	GlobalSection(SolutionConfigurationPlatforms) = preSolution
		Debug|Any CPU = Debug|Any CPU
		Release|Any CPU = Release|Any CPU
	EndGlobalSection
	GlobalSection(ProjectConfigurationPlatforms) = postSolution
		{DE62A12D-7D8A-4754-8B03-F58A304ACD93}.Debug|Any CPU.ActiveCfg = Debug|Any CPU
		{DE62A12D-7D8A-4754-8B03-F58A304ACD93}.Debug|Any CPU.Build.0 = Debug|Any CPU
		{DE62A12D-7D8A-4754-8B03-F58A304ACD93}.Release|Any CPU.ActiveCfg = Release|Any CPU
		{DE62A12D-7D8A-4754-8B03-F58A304ACD93}.Release|Any CPU.Build.0 = Release|Any CPU
	EndGlobalSection
	GlobalSection(SolutionProperties) = preSolution
		HideSolutionNode = FALSE
	EndGlobalSection
	GlobalSection(ExtensibilityGlobals) = postSolution
		SolutionGuid = {DBD3986E-091E-4C6A-AAD2-67A6554C3331}
	EndGlobalSection
EndGlobal
